
Microsoft Visual Studio Solution File, Format Version 12.00
# Visual Studio Version 17
VisualStudioVersion = 17.11.35208.52
MinimumVisualStudioVersion = 10.0.40219.1
Project("{FAE04EC0-301F-11D3-BF4B-00C04F79EFBC}") = "ChicTrash", "ChicTrash.csproj", "{D182E019-4625-4BF6-A8B3-C0378C8DEE23}"
EndProject
Global
	GlobalSection(SolutionConfigurationPlatforms) = preSolution
		Debug|Any CPU = Debug|Any CPU
		Release|Any CPU = Release|Any CPU
	EndGlobalSection
	GlobalSection(ProjectConfigurationPlatforms) = postSolution
		{D182E019-4625-4BF6-A8B3-C0378C8DEE23}.Debug|Any CPU.ActiveCfg = Debug|Any CPU
		{D182E019-4625-4BF6-A8B3-C0378C8DEE23}.Debug|Any CPU.Build.0 = Debug|Any CPU
		{D182E019-4625-4BF6-A8B3-C0378C8DEE23}.Release|Any CPU.ActiveCfg = Release|Any CPU
		{D182E019-4625-4BF6-A8B3-C0378C8DEE23}.Release|Any CPU.Build.0 = Release|Any CPU
	EndGlobalSection
	GlobalSection(SolutionProperties) = preSolution
		HideSolutionNode = FALSE
	EndGlobalSection
	GlobalSection(ExtensibilityGlobals) = postSolution
		SolutionGuid = {7DF70068-9A5E-49EC-9B99-67BE4552338B}
	EndGlobalSection
EndGlobal
