
Microsoft Visual Studio Solution File, Format Version 12.00
# Visual Studio Version 17
VisualStudioVersion = 17.5.002.0
MinimumVisualStudioVersion = 10.0.40219.1
Project("{9A19103F-16F7-4668-BE54-9A1E7A4F7556}") = "JunproC#", "JunproC#.csproj", "{09C27755-56A9-4DAF-9FB2-7CA91700291A}"
EndProject
Global
	GlobalSection(SolutionConfigurationPlatforms) = preSolution
		Debug|Any CPU = Debug|Any CPU
		Release|Any CPU = Release|Any CPU
	EndGlobalSection
	GlobalSection(ProjectConfigurationPlatforms) = postSolution
		{09C27755-56A9-4DAF-9FB2-7CA91700291A}.Debug|Any CPU.ActiveCfg = Debug|Any CPU
		{09C27755-56A9-4DAF-9FB2-7CA91700291A}.Debug|Any CPU.Build.0 = Debug|Any CPU
		{09C27755-56A9-4DAF-9FB2-7CA91700291A}.Release|Any CPU.ActiveCfg = Release|Any CPU
		{09C27755-56A9-4DAF-9FB2-7CA91700291A}.Release|Any CPU.Build.0 = Release|Any CPU
	EndGlobalSection
	GlobalSection(SolutionProperties) = preSolution
		HideSolutionNode = FALSE
	EndGlobalSection
	GlobalSection(ExtensibilityGlobals) = postSolution
		SolutionGuid = {61BC00A3-377B-4E8B-B3C1-A21B226D9C31}
	EndGlobalSection
EndGlobal
